// !$*UTF8*$!
{
	archiveVersion = 1;
	classes = {
	};
	objectVersion = 46;
	objects = {

/* Begin PBXBuildFile section */
		4BFABF861A9230720040B599 /* AppDelegate.swift in Sources */ = {isa = PBXBuildFile; fileRef = 4BFABF851A9230720040B599 /* AppDelegate.swift */; };
		4BFABF881A9230730040B599 /* ViewController.swift in Sources */ = {isa = PBXBuildFile; fileRef = 4BFABF871A9230730040B599 /* ViewController.swift */; };
		4BFABF8B1A9230730040B599 /* Main.storyboard in Resources */ = {isa = PBXBuildFile; fileRef = 4BFABF891A9230730040B599 /* Main.storyboard */; };
		4BFABF8D1A9230730040B599 /* Images.xcassets in Resources */ = {isa = PBXBuildFile; fileRef = 4BFABF8C1A9230730040B599 /* Images.xcassets */; };
		4BFABF901A9230730040B599 /* LaunchScreen.xib in Resources */ = {isa = PBXBuildFile; fileRef = 4BFABF8E1A9230730040B599 /* LaunchScreen.xib */; };
		4BFABF9C1A9230740040B599 /* ___swiftTests.swift in Sources */ = {isa = PBXBuildFile; fileRef = 4BFABF9B1A9230740040B599 /* ___swiftTests.swift */; };
/* End PBXBuildFile section */

/* Begin PBXContainerItemProxy section */
		4BFABF961A9230740040B599 /* PBXContainerItemProxy */ = {
			isa = PBXContainerItemProxy;
			containerPortal = 4BFABF781A9230710040B599 /* Project object */;
			proxyType = 1;
			remoteGlobalIDString = 4BFABF7F1A9230710040B599;
			remoteInfo = "電卓 swift";
		};
/* End PBXContainerItemProxy section */

/* Begin PBXFileReference section */
		4BFABF801A9230720040B599 /* 電卓 swift.app */ = {isa = PBXFileReference; explicitFileType = wrapper.application; includeInIndex = 0; path = "電卓 swift.app"; sourceTree = BUILT_PRODUCTS_DIR; };
		4BFABF841A9230720040B599 /* Info.plist */ = {isa = PBXFileReference; lastKnownFileType = text.plist.xml; path = Info.plist; sourceTree = "<group>"; };
		4BFABF851A9230720040B599 /* AppDelegate.swift */ = {isa = PBXFileReference; lastKnownFileType = sourcecode.swift; path = AppDelegate.swift; sourceTree = "<group>"; };
		4BFABF871A9230730040B599 /* ViewController.swift */ = {isa = PBXFileReference; lastKnownFileType = sourcecode.swift; path = ViewController.swift; sourceTree = "<group>"; };
		4BFABF8A1A9230730040B599 /* Base */ = {isa = PBXFileReference; lastKnownFileType = file.storyboard; name = Base; path = Base.lproj/Main.storyboard; sourceTree = "<group>"; };
		4BFABF8C1A9230730040B599 /* Images.xcassets */ = {isa = PBXFileReference; lastKnownFileType = folder.assetcatalog; path = Images.xcassets; sourceTree = "<group>"; };
		4BFABF8F1A9230730040B599 /* Base */ = {isa = PBXFileReference; lastKnownFileType = file.xib; name = Base; path = Base.lproj/LaunchScreen.xib; sourceTree = "<group>"; };
		4BFABF951A9230740040B599 /* 電卓 swiftTests.xctest */ = {isa = PBXFileReference; explicitFileType = wrapper.cfbundle; includeInIndex = 0; path = "電卓 swiftTests.xctest"; sourceTree = BUILT_PRODUCTS_DIR; };
		4BFABF9A1A9230740040B599 /* Info.plist */ = {isa = PBXFileReference; lastKnownFileType = text.plist.xml; path = Info.plist; sourceTree = "<group>"; };
		4BFABF9B1A9230740040B599 /* ___swiftTests.swift */ = {isa = PBXFileReference; lastKnownFileType = sourcecode.swift; path = "___swiftTests.swift"; sourceTree = "<group>"; };
/* End PBXFileReference section */

/* Begin PBXFrameworksBuildPhase section */
		4BFABF7D1A9230710040B599 /* Frameworks */ = {
			isa = PBXFrameworksBuildPhase;
			buildActionMask = 2147483647;
			files = (
			);
			runOnlyForDeploymentPostprocessing = 0;
		};
		4BFABF921A9230740040B599 /* Frameworks */ = {
			isa = PBXFrameworksBuildPhase;
			buildActionMask = 2147483647;
			files = (
			);
			runOnlyForDeploymentPostprocessing = 0;
		};
/* End PBXFrameworksBuildPhase section */

/* Begin PBXGroup section */
		4BFABF771A9230710040B599 = {
			isa = PBXGroup;
			children = (
				4BFABF821A9230720040B599 /* 電卓 swift */,
				4BFABF981A9230740040B599 /* 電卓 swiftTests */,
				4BFABF811A9230720040B599 /* Products */,
			);
			sourceTree = "<group>";
		};
		4BFABF811A9230720040B599 /* Products */ = {
			isa = PBXGroup;
			children = (
				4BFABF801A9230720040B599 /* 電卓 swift.app */,
				4BFABF951A9230740040B599 /* 電卓 swiftTests.xctest */,
			);
			name = Products;
			sourceTree = "<group>";
		};
		4BFABF821A9230720040B599 /* 電卓 swift */ = {
			isa = PBXGroup;
			children = (
				4BFABF851A9230720040B599 /* AppDelegate.swift */,
				4BFABF871A9230730040B599 /* ViewController.swift */,
				4BFABF891A9230730040B599 /* Main.storyboard */,
				4BFABF8C1A9230730040B599 /* Images.xcassets */,
				4BFABF8E1A9230730040B599 /* LaunchScreen.xib */,
				4BFABF831A9230720040B599 /* Supporting Files */,
			);
			path = "電卓 swift";
			sourceTree = "<group>";
		};
		4BFABF831A9230720040B599 /* Supporting Files */ = {
			isa = PBXGroup;
			children = (
				4BFABF841A9230720040B599 /* Info.plist */,
			);
			name = "Supporting Files";
			sourceTree = "<group>";
		};
		4BFABF981A9230740040B599 /* 電卓 swiftTests */ = {
			isa = PBXGroup;
			children = (
				4BFABF9B1A9230740040B599 /* ___swiftTests.swift */,
				4BFABF991A9230740040B599 /* Supporting Files */,
			);
			path = "電卓 swiftTests";
			sourceTree = "<group>";
		};
		4BFABF991A9230740040B599 /* Supporting Files */ = {
			isa = PBXGroup;
			children = (
				4BFABF9A1A9230740040B599 /* Info.plist */,
			);
			name = "Supporting Files";
			sourceTree = "<group>";
		};
/* End PBXGroup section */

/* Begin PBXNativeTarget section */
		4BFABF7F1A9230710040B599 /* 電卓 swift */ = {
			isa = PBXNativeTarget;
			buildConfigurationList = 4BFABF9F1A9230740040B599 /* Build configuration list for PBXNativeTarget "電卓 swift" */;
			buildPhases = (
				4BFABF7C1A9230710040B599 /* Sources */,
				4BFABF7D1A9230710040B599 /* Frameworks */,
				4BFABF7E1A9230710040B599 /* Resources */,
			);
			buildRules = (
			);
			dependencies = (
			);
			name = "電卓 swift";
			productName = "電卓 swift";
			productReference = 4BFABF801A9230720040B599 /* 電卓 swift.app */;
			productType = "com.apple.product-type.application";
		};
		4BFABF941A9230740040B599 /* 電卓 swiftTests */ = {
			isa = PBXNativeTarget;
			buildConfigurationList = 4BFABFA21A9230740040B599 /* Build configuration list for PBXNativeTarget "電卓 swiftTests" */;
			buildPhases = (
				4BFABF911A9230740040B599 /* Sources */,
				4BFABF921A9230740040B599 /* Frameworks */,
				4BFABF931A9230740040B599 /* Resources */,
			);
			buildRules = (
			);
			dependencies = (
				4BFABF971A9230740040B599 /* PBXTargetDependency */,
			);
			name = "電卓 swiftTests";
			productName = "電卓 swiftTests";
			productReference = 4BFABF951A9230740040B599 /* 電卓 swiftTests.xctest */;
			productType = "com.apple.product-type.bundle.unit-test";
		};
/* End PBXNativeTarget section */

/* Begin PBXProject section */
		4BFABF781A9230710040B599 /* Project object */ = {
			isa = PBXProject;
			attributes = {
				LastUpgradeCheck = 0610;
				ORGANIZATIONNAME = mycompany;
				TargetAttributes = {
					4BFABF7F1A9230710040B599 = {
						CreatedOnToolsVersion = 6.1.1;
					};
					4BFABF941A9230740040B599 = {
						CreatedOnToolsVersion = 6.1.1;
						TestTargetID = 4BFABF7F1A9230710040B599;
					};
				};
			};
			buildConfigurationList = 4BFABF7B1A9230710040B599 /* Build configuration list for PBXProject "電卓 swift" */;
			compatibilityVersion = "Xcode 3.2";
			developmentRegion = English;
			hasScannedForEncodings = 0;
			knownRegions = (
				en,
				Base,
			);
			mainGroup = 4BFABF771A9230710040B599;
			productRefGroup = 4BFABF811A9230720040B599 /* Products */;
			projectDirPath = "";
			projectRoot = "";
			targets = (
				4BFABF7F1A9230710040B599 /* 電卓 swift */,
				4BFABF941A9230740040B599 /* 電卓 swiftTests */,
			);
		};
/* End PBXProject section */

/* Begin PBXResourcesBuildPhase section */
		4BFABF7E1A9230710040B599 /* Resources */ = {
			isa = PBXResourcesBuildPhase;
			buildActionMask = 2147483647;
			files = (
				4BFABF8B1A9230730040B599 /* Main.storyboard in Resources */,
				4BFABF901A9230730040B599 /* LaunchScreen.xib in Resources */,
				4BFABF8D1A9230730040B599 /* Images.xcassets in Resources */,
			);
			runOnlyForDeploymentPostprocessing = 0;
		};
		4BFABF931A9230740040B599 /* Resources */ = {
			isa = PBXResourcesBuildPhase;
			buildActionMask = 2147483647;
			files = (
			);
			runOnlyForDeploymentPostprocessing = 0;
		};
/* End PBXResourcesBuildPhase section */

/* Begin PBXSourcesBuildPhase section */
		4BFABF7C1A9230710040B599 /* Sources */ = {
			isa = PBXSourcesBuildPhase;
			buildActionMask = 2147483647;
			files = (
				4BFABF881A9230730040B599 /* ViewController.swift in Sources */,
				4BFABF861A9230720040B599 /* AppDelegate.swift in Sources */,
			);
			runOnlyForDeploymentPostprocessing = 0;
		};
		4BFABF911A9230740040B599 /* Sources */ = {
			isa = PBXSourcesBuildPhase;
			buildActionMask = 2147483647;
			files = (
				4BFABF9C1A9230740040B599 /* ___swiftTests.swift in Sources */,
			);
			runOnlyForDeploymentPostprocessing = 0;
		};
/* End PBXSourcesBuildPhase section */

/* Begin PBXTargetDependency section */
		4BFABF971A9230740040B599 /* PBXTargetDependency */ = {
			isa = PBXTargetDependency;
			target = 4BFABF7F1A9230710040B599 /* 電卓 swift */;
			targetProxy = 4BFABF961A9230740040B599 /* PBXContainerItemProxy */;
		};
/* End PBXTargetDependency section */

/* Begin PBXVariantGroup section */
		4BFABF891A9230730040B599 /* Main.storyboard */ = {
			isa = PBXVariantGroup;
			children = (
				4BFABF8A1A9230730040B599 /* Base */,
			);
			name = Main.storyboard;
			sourceTree = "<group>";
		};
		4BFABF8E1A9230730040B599 /* LaunchScreen.xib */ = {
			isa = PBXVariantGroup;
			children = (
				4BFABF8F1A9230730040B599 /* Base */,
			);
			name = LaunchScreen.xib;
			sourceTree = "<group>";
		};
/* End PBXVariantGroup section */

/* Begin XCBuildConfiguration section */
		4BFABF9D1A9230740040B599 /* Debug */ = {
			isa = XCBuildConfiguration;
			buildSettings = {
				ALWAYS_SEARCH_USER_PATHS = NO;
				CLANG_CXX_LANGUAGE_STANDARD = "gnu++0x";
				CLANG_CXX_LIBRARY = "libc++";
				CLANG_ENABLE_MODULES = YES;
				CLANG_ENABLE_OBJC_ARC = YES;
				CLANG_WARN_BOOL_CONVERSION = YES;
				CLANG_WARN_CONSTANT_CONVERSION = YES;
				CLANG_WARN_DIRECT_OBJC_ISA_USAGE = YES_ERROR;
				CLANG_WARN_EMPTY_BODY = YES;
				CLANG_WARN_ENUM_CONVERSION = YES;
				CLANG_WARN_INT_CONVERSION = YES;
				CLANG_WARN_OBJC_ROOT_CLASS = YES_ERROR;
				CLANG_WARN_UNREACHABLE_CODE = YES;
				CLANG_WARN__DUPLICATE_METHOD_MATCH = YES;
				"CODE_SIGN_IDENTITY[sdk=iphoneos*]" = "iPhone Developer";
				COPY_PHASE_STRIP = NO;
				ENABLE_STRICT_OBJC_MSGSEND = YES;
				GCC_C_LANGUAGE_STANDARD = gnu99;
				GCC_DYNAMIC_NO_PIC = NO;
				GCC_OPTIMIZATION_LEVEL = 0;
				GCC_PREPROCESSOR_DEFINITIONS = (
					"DEBUG=1",
					"$(inherited)",
				);
				GCC_SYMBOLS_PRIVATE_EXTERN = NO;
				GCC_WARN_64_TO_32_BIT_CONVERSION = YES;
				GCC_WARN_ABOUT_RETURN_TYPE = YES_ERROR;
				GCC_WARN_UNDECLARED_SELECTOR = YES;
				GCC_WARN_UNINITIALIZED_AUTOS = YES_AGGRESSIVE;
				GCC_WARN_UNUSED_FUNCTION = YES;
				GCC_WARN_UNUSED_VARIABLE = YES;
				IPHONEOS_DEPLOYMENT_TARGET = 8.1;
				MTL_ENABLE_DEBUG_INFO = YES;
				ONLY_ACTIVE_ARCH = YES;
				SDKROOT = iphoneos;
				SWIFT_OPTIMIZATION_LEVEL = "-Onone";
			};
			name = Debug;
		};
		4BFABF9E1A9230740040B599 /* Release */ = {
			isa = XCBuildConfiguration;
			buildSettings = {
				ALWAYS_SEARCH_USER_PATHS = NO;
				CLANG_CXX_LANGUAGE_STANDARD = "gnu++0x";
				CLANG_CXX_LIBRARY = "libc++";
				CLANG_ENABLE_MODULES = YES;
				CLANG_ENABLE_OBJC_ARC = YES;
				CLANG_WARN_BOOL_CONVERSION = YES;
				CLANG_WARN_CONSTANT_CONVERSION = YES;
				CLANG_WARN_DIRECT_OBJC_ISA_USAGE = YES_ERROR;
				CLANG_WARN_EMPTY_BODY = YES;
				CLANG_WARN_ENUM_CONVERSION = YES;
				CLANG_WARN_INT_CONVERSION = YES;
				CLANG_WARN_OBJC_ROOT_CLASS = YES_ERROR;
				CLANG_WARN_UNREACHABLE_CODE = YES;
				CLANG_WARN__DUPLICATE_METHOD_MATCH = YES;
				"CODE_SIGN_IDENTITY[sdk=iphoneos*]" = "iPhone Developer";
				COPY_PHASE_STRIP = YES;
				ENABLE_NS_ASSERTIONS = NO;
				ENABLE_STRICT_OBJC_MSGSEND = YES;
				GCC_C_LANGUAGE_STANDARD = gnu99;
				GCC_WARN_64_TO_32_BIT_CONVERSION = YES;
				GCC_WARN_ABOUT_RETURN_TYPE = YES_ERROR;
				GCC_WARN_UNDECLARED_SELECTOR = YES;
				GCC_WARN_UNINITIALIZED_AUTOS = YES_AGGRESSIVE;
				GCC_WARN_UNUSED_FUNCTION = YES;
				GCC_WARN_UNUSED_VARIABLE = YES;
				IPHONEOS_DEPLOYMENT_TARGET = 8.1;
				MTL_ENABLE_DEBUG_INFO = NO;
				SDKROOT = iphoneos;
				VALIDATE_PRODUCT = YES;
			};
			name = Release;
		};
		4BFABFA01A9230740040B599 /* Debug */ = {
			isa = XCBuildConfiguration;
			buildSettings = {
				ASSETCATALOG_COMPILER_APPICON_NAME = AppIcon;
				INFOPLIST_FILE = "電卓 swift/Info.plist";
				LD_RUNPATH_SEARCH_PATHS = "$(inherited) @executable_path/Frameworks";
				PRODUCT_NAME = "$(TARGET_NAME)";
			};
			name = Debug;
		};
		4BFABFA11A9230740040B599 /* Release */ = {
			isa = XCBuildConfiguration;
			buildSettings = {
				ASSETCATALOG_COMPILER_APPICON_NAME = AppIcon;
				INFOPLIST_FILE = "電卓 swift/Info.plist";
				LD_RUNPATH_SEARCH_PATHS = "$(inherited) @executable_path/Frameworks";
				PRODUCT_NAME = "$(TARGET_NAME)";
			};
			name = Release;
		};
		4BFABFA31A9230740040B599 /* Debug */ = {
			isa = XCBuildConfiguration;
			buildSettings = {
				BUNDLE_LOADER = "$(TEST_HOST)";
				FRAMEWORK_SEARCH_PATHS = (
					"$(SDKROOT)/Developer/Library/Frameworks",
					"$(inherited)",
				);
				GCC_PREPROCESSOR_DEFINITIONS = (
					"DEBUG=1",
					"$(inherited)",
				);
				INFOPLIST_FILE = "電卓 swiftTests/Info.plist";
				LD_RUNPATH_SEARCH_PATHS = "$(inherited) @executable_path/Frameworks @loader_path/Frameworks";
				PRODUCT_NAME = "$(TARGET_NAME)";
				TEST_HOST = "$(BUILT_PRODUCTS_DIR)/電卓 swift.app/電卓 swift";
			};
			name = Debug;
		};
		4BFABFA41A9230740040B599 /* Release */ = {
			isa = XCBuildConfiguration;
			buildSettings = {
				BUNDLE_LOADER = "$(TEST_HOST)";
				FRAMEWORK_SEARCH_PATHS = (
					"$(SDKROOT)/Developer/Library/Frameworks",
					"$(inherited)",
				);
				INFOPLIST_FILE = "電卓 swiftTests/Info.plist";
				LD_RUNPATH_SEARCH_PATHS = "$(inherited) @executable_path/Frameworks @loader_path/Frameworks";
				PRODUCT_NAME = "$(TARGET_NAME)";
				TEST_HOST = "$(BUILT_PRODUCTS_DIR)/電卓 swift.app/電卓 swift";
			};
			name = Release;
		};
/* End XCBuildConfiguration section */

/* Begin XCConfigurationList section */
		4BFABF7B1A9230710040B599 /* Build configuration list for PBXProject "電卓 swift" */ = {
			isa = XCConfigurationList;
			buildConfigurations = (
				4BFABF9D1A9230740040B599 /* Debug */,
				4BFABF9E1A9230740040B599 /* Release */,
			);
			defaultConfigurationIsVisible = 0;
			defaultConfigurationName = Release;
		};
		4BFABF9F1A9230740040B599 /* Build configuration list for PBXNativeTarget "電卓 swift" */ = {
			isa = XCConfigurationList;
			buildConfigurations = (
				4BFABFA01A9230740040B599 /* Debug */,
				4BFABFA11A9230740040B599 /* Release */,
			);
			defaultConfigurationIsVisible = 0;
		};
		4BFABFA21A9230740040B599 /* Build configuration list for PBXNativeTarget "電卓 swiftTests" */ = {
			isa = XCConfigurationList;
			buildConfigurations = (
				4BFABFA31A9230740040B599 /* Debug */,
				4BFABFA41A9230740040B599 /* Release */,
			);
			defaultConfigurationIsVisible = 0;
		};
/* End XCConfigurationList section */
	};
	rootObject = 4BFABF781A9230710040B599 /* Project object */;
}
